
Microsoft Visual Studio Solution File, Format Version 12.00
# Visual Studio 15
VisualStudioVersion = 15.0.26730.16
MinimumVisualStudioVersion = 10.0.40219.1
Project("{FAE04EC0-301F-11D3-BF4B-00C04F79EFBC}") = "Exercises", "..\..\..\..\Visual Studio 2017\Projects\Exercises\Exercises\Exercises.csproj", "{1E336DA3-2881-4261-A83A-D89DB1854F05}"
EndProject
Global
	GlobalSection(SolutionConfigurationPlatforms) = preSolution
		Debug|Any CPU = Debug|Any CPU
		Release|Any CPU = Release|Any CPU
	EndGlobalSection
	GlobalSection(ProjectConfigurationPlatforms) = postSolution
		{1E336DA3-2881-4261-A83A-D89DB1854F05}.Debug|Any CPU.ActiveCfg = Debug|Any CPU
		{1E336DA3-2881-4261-A83A-D89DB1854F05}.Debug|Any CPU.Build.0 = Debug|Any CPU
		{1E336DA3-2881-4261-A83A-D89DB1854F05}.Debug|Any CPU.Deploy.0 = Debug|Any CPU
		{1E336DA3-2881-4261-A83A-D89DB1854F05}.Release|Any CPU.ActiveCfg = Release|Any CPU
		{1E336DA3-2881-4261-A83A-D89DB1854F05}.Release|Any CPU.Build.0 = Release|Any CPU
		{1E336DA3-2881-4261-A83A-D89DB1854F05}.Release|Any CPU.Deploy.0 = Release|Any CPU
	EndGlobalSection
	GlobalSection(SolutionProperties) = preSolution
		HideSolutionNode = FALSE
	EndGlobalSection
	GlobalSection(ExtensibilityGlobals) = postSolution
		SolutionGuid = {89E0F2D4-3B8E-4E00-BBAF-43AB7D2E4803}
	EndGlobalSection
EndGlobal
